
Microsoft Visual Studio Solution File, Format Version 12.00
# Visual Studio Version 16
VisualStudioVersion = 16.0.30621.155
MinimumVisualStudioVersion = 10.0.40219.1
Project("{FAE04EC0-301F-11D3-BF4B-00C04F79EFBC}") = "ChoreChange", "ChoreChange\ChoreChange.csproj", "{372832BB-6D5F-461A-BE38-040A00AA45A9}"
EndProject
Global
	GlobalSection(SolutionConfigurationPlatforms) = preSolution
		Debug|Any CPU = Debug|Any CPU
		Release|Any CPU = Release|Any CPU
	EndGlobalSection
	GlobalSection(ProjectConfigurationPlatforms) = postSolution
		{372832BB-6D5F-461A-BE38-040A00AA45A9}.Debug|Any CPU.ActiveCfg = Debug|Any CPU
		{372832BB-6D5F-461A-BE38-040A00AA45A9}.Debug|Any CPU.Build.0 = Debug|Any CPU
		{372832BB-6D5F-461A-BE38-040A00AA45A9}.Debug|Any CPU.Deploy.0 = Debug|Any CPU
		{372832BB-6D5F-461A-BE38-040A00AA45A9}.Release|Any CPU.ActiveCfg = Release|Any CPU
		{372832BB-6D5F-461A-BE38-040A00AA45A9}.Release|Any CPU.Build.0 = Release|Any CPU
		{372832BB-6D5F-461A-BE38-040A00AA45A9}.Release|Any CPU.Deploy.0 = Release|Any CPU
	EndGlobalSection
	GlobalSection(SolutionProperties) = preSolution
		HideSolutionNode = FALSE
	EndGlobalSection
	GlobalSection(ExtensibilityGlobals) = postSolution
		SolutionGuid = {25336DF2-BA6B-4DA4-9EFF-549E89EAFD4F}
	EndGlobalSection
EndGlobal
